# This file is automatically @generated by Cargo.
# It is not intended for manual editing.
version = 3

[[package]]
name = "hmac-sha256"
version = "1.1.6"
source = "registry+https://github.com/rust-lang/crates.io-index"
checksum = "fc736091aacb31ddaa4cd5f6988b3c21e99913ac846b41f32538c5fae5d71bfe"

[[package]]
name = "tiny-rfc6979-rs"
version = "0.1.0"
dependencies = [
 "hmac-sha256",
]
